
Microsoft Visual Studio Solution File, Format Version 12.00
# Visual Studio Version 16
VisualStudioVersion = 16.0.30114.105
MinimumVisualStudioVersion = 10.0.40219.1
Project("{9A19103F-16F7-4668-BE54-9A1E7A4F7556}") = "ESourcing.Products", "ESourcing.Products\ESourcing.Products.csproj", "{1A48E54B-33F2-4D30-8771-90545121A77D}"
EndProject
Project("{2150E333-8FDC-42A3-9474-1A3956D46DE8}") = "Products", "Products", "{D66045B8-7495-4415-84B3-58F936364952}"
EndProject
Project("{2150E333-8FDC-42A3-9474-1A3956D46DE8}") = "src", "src", "{D193BAB6-18EE-44A8-ACF8-3B9CAE17C22B}"
EndProject
Project("{2150E333-8FDC-42A3-9474-1A3956D46DE8}") = "ApiGateway", "ApiGateway", "{9D6261E4-27E2-41C8-BA8F-04956CB3D41B}"
EndProject
Project("{2150E333-8FDC-42A3-9474-1A3956D46DE8}") = "Services", "Services", "{A8469BD4-3B4D-4FFB-931A-E4F0D64C39F8}"
EndProject
Project("{2150E333-8FDC-42A3-9474-1A3956D46DE8}") = "WebApp", "WebApp", "{993A24D1-6D54-40D7-BF4A-8B2C5F9F8A18}"
EndProject
Project("{2150E333-8FDC-42A3-9474-1A3956D46DE8}") = "Common", "Common", "{FF472081-0169-49B8-8EAD-E591839AE8B2}"
EndProject
Project("{2150E333-8FDC-42A3-9474-1A3956D46DE8}") = "Order", "Order", "{B48D6BC0-52F0-43EE-AB71-1939AB2F74D8}"
EndProject
Project("{2150E333-8FDC-42A3-9474-1A3956D46DE8}") = "Sourcing", "Sourcing", "{7F2FFEE3-C0A0-4CDA-885D-78540A73F72D}"
EndProject
Project("{E53339B2-1760-4266-BCC7-CA923CBCF16C}") = "docker-compose", "docker-compose.dcproj", "{E94FBBA5-0B8C-4994-A934-9A41BDDE452A}"
EndProject
Project("{9A19103F-16F7-4668-BE54-9A1E7A4F7556}") = "ESourcing.Sourcing", "ESourcing.Sourcing\ESourcing.Sourcing.csproj", "{34DAF9D8-DA81-4A44-BB02-1F7BB4D863D7}"
EndProject
Project("{FAE04EC0-301F-11D3-BF4B-00C04F79EFBC}") = "EventBusRabbitMQ", "EventBusRabbitMQ\EventBusRabbitMQ.csproj", "{CAEBF2F6-81DD-43B5-9231-28659A7862AF}"
EndProject
Global
	GlobalSection(SolutionConfigurationPlatforms) = preSolution
		Debug|Any CPU = Debug|Any CPU
		Debug|x64 = Debug|x64
		Debug|x86 = Debug|x86
		Release|Any CPU = Release|Any CPU
		Release|x64 = Release|x64
		Release|x86 = Release|x86
	EndGlobalSection
	GlobalSection(ProjectConfigurationPlatforms) = postSolution
		{1A48E54B-33F2-4D30-8771-90545121A77D}.Debug|Any CPU.ActiveCfg = Debug|Any CPU
		{1A48E54B-33F2-4D30-8771-90545121A77D}.Debug|Any CPU.Build.0 = Debug|Any CPU
		{1A48E54B-33F2-4D30-8771-90545121A77D}.Debug|x64.ActiveCfg = Debug|Any CPU
		{1A48E54B-33F2-4D30-8771-90545121A77D}.Debug|x64.Build.0 = Debug|Any CPU
		{1A48E54B-33F2-4D30-8771-90545121A77D}.Debug|x86.ActiveCfg = Debug|Any CPU
		{1A48E54B-33F2-4D30-8771-90545121A77D}.Debug|x86.Build.0 = Debug|Any CPU
		{1A48E54B-33F2-4D30-8771-90545121A77D}.Release|Any CPU.ActiveCfg = Release|Any CPU
		{1A48E54B-33F2-4D30-8771-90545121A77D}.Release|Any CPU.Build.0 = Release|Any CPU
		{1A48E54B-33F2-4D30-8771-90545121A77D}.Release|x64.ActiveCfg = Release|Any CPU
		{1A48E54B-33F2-4D30-8771-90545121A77D}.Release|x64.Build.0 = Release|Any CPU
		{1A48E54B-33F2-4D30-8771-90545121A77D}.Release|x86.ActiveCfg = Release|Any CPU
		{1A48E54B-33F2-4D30-8771-90545121A77D}.Release|x86.Build.0 = Release|Any CPU
		{E94FBBA5-0B8C-4994-A934-9A41BDDE452A}.Debug|Any CPU.ActiveCfg = Debug|Any CPU
		{E94FBBA5-0B8C-4994-A934-9A41BDDE452A}.Debug|Any CPU.Build.0 = Debug|Any CPU
		{E94FBBA5-0B8C-4994-A934-9A41BDDE452A}.Debug|x64.ActiveCfg = Debug|Any CPU
		{E94FBBA5-0B8C-4994-A934-9A41BDDE452A}.Debug|x64.Build.0 = Debug|Any CPU
		{E94FBBA5-0B8C-4994-A934-9A41BDDE452A}.Debug|x86.ActiveCfg = Debug|Any CPU
		{E94FBBA5-0B8C-4994-A934-9A41BDDE452A}.Debug|x86.Build.0 = Debug|Any CPU
		{E94FBBA5-0B8C-4994-A934-9A41BDDE452A}.Release|Any CPU.ActiveCfg = Release|Any CPU
		{E94FBBA5-0B8C-4994-A934-9A41BDDE452A}.Release|Any CPU.Build.0 = Release|Any CPU
		{E94FBBA5-0B8C-4994-A934-9A41BDDE452A}.Release|x64.ActiveCfg = Release|Any CPU
		{E94FBBA5-0B8C-4994-A934-9A41BDDE452A}.Release|x64.Build.0 = Release|Any CPU
		{E94FBBA5-0B8C-4994-A934-9A41BDDE452A}.Release|x86.ActiveCfg = Release|Any CPU
		{E94FBBA5-0B8C-4994-A934-9A41BDDE452A}.Release|x86.Build.0 = Release|Any CPU
		{34DAF9D8-DA81-4A44-BB02-1F7BB4D863D7}.Debug|Any CPU.ActiveCfg = Debug|Any CPU
		{34DAF9D8-DA81-4A44-BB02-1F7BB4D863D7}.Debug|Any CPU.Build.0 = Debug|Any CPU
		{34DAF9D8-DA81-4A44-BB02-1F7BB4D863D7}.Debug|x64.ActiveCfg = Debug|Any CPU
		{34DAF9D8-DA81-4A44-BB02-1F7BB4D863D7}.Debug|x64.Build.0 = Debug|Any CPU
		{34DAF9D8-DA81-4A44-BB02-1F7BB4D863D7}.Debug|x86.ActiveCfg = Debug|Any CPU
		{34DAF9D8-DA81-4A44-BB02-1F7BB4D863D7}.Debug|x86.Build.0 = Debug|Any CPU
		{34DAF9D8-DA81-4A44-BB02-1F7BB4D863D7}.Release|Any CPU.ActiveCfg = Release|Any CPU
		{34DAF9D8-DA81-4A44-BB02-1F7BB4D863D7}.Release|Any CPU.Build.0 = Release|Any CPU
		{34DAF9D8-DA81-4A44-BB02-1F7BB4D863D7}.Release|x64.ActiveCfg = Release|Any CPU
		{34DAF9D8-DA81-4A44-BB02-1F7BB4D863D7}.Release|x64.Build.0 = Release|Any CPU
		{34DAF9D8-DA81-4A44-BB02-1F7BB4D863D7}.Release|x86.ActiveCfg = Release|Any CPU
		{34DAF9D8-DA81-4A44-BB02-1F7BB4D863D7}.Release|x86.Build.0 = Release|Any CPU
		{CAEBF2F6-81DD-43B5-9231-28659A7862AF}.Debug|Any CPU.ActiveCfg = Debug|Any CPU
		{CAEBF2F6-81DD-43B5-9231-28659A7862AF}.Debug|Any CPU.Build.0 = Debug|Any CPU
		{CAEBF2F6-81DD-43B5-9231-28659A7862AF}.Debug|x64.ActiveCfg = Debug|Any CPU
		{CAEBF2F6-81DD-43B5-9231-28659A7862AF}.Debug|x64.Build.0 = Debug|Any CPU
		{CAEBF2F6-81DD-43B5-9231-28659A7862AF}.Debug|x86.ActiveCfg = Debug|Any CPU
		{CAEBF2F6-81DD-43B5-9231-28659A7862AF}.Debug|x86.Build.0 = Debug|Any CPU
		{CAEBF2F6-81DD-43B5-9231-28659A7862AF}.Release|Any CPU.ActiveCfg = Release|Any CPU
		{CAEBF2F6-81DD-43B5-9231-28659A7862AF}.Release|Any CPU.Build.0 = Release|Any CPU
		{CAEBF2F6-81DD-43B5-9231-28659A7862AF}.Release|x64.ActiveCfg = Release|Any CPU
		{CAEBF2F6-81DD-43B5-9231-28659A7862AF}.Release|x64.Build.0 = Release|Any CPU
		{CAEBF2F6-81DD-43B5-9231-28659A7862AF}.Release|x86.ActiveCfg = Release|Any CPU
		{CAEBF2F6-81DD-43B5-9231-28659A7862AF}.Release|x86.Build.0 = Release|Any CPU
	EndGlobalSection
	GlobalSection(SolutionProperties) = preSolution
		HideSolutionNode = FALSE
	EndGlobalSection
	GlobalSection(NestedProjects) = preSolution
		{1A48E54B-33F2-4D30-8771-90545121A77D} = {D66045B8-7495-4415-84B3-58F936364952}
		{D66045B8-7495-4415-84B3-58F936364952} = {A8469BD4-3B4D-4FFB-931A-E4F0D64C39F8}
		{9D6261E4-27E2-41C8-BA8F-04956CB3D41B} = {D193BAB6-18EE-44A8-ACF8-3B9CAE17C22B}
		{A8469BD4-3B4D-4FFB-931A-E4F0D64C39F8} = {D193BAB6-18EE-44A8-ACF8-3B9CAE17C22B}
		{993A24D1-6D54-40D7-BF4A-8B2C5F9F8A18} = {D193BAB6-18EE-44A8-ACF8-3B9CAE17C22B}
		{FF472081-0169-49B8-8EAD-E591839AE8B2} = {A8469BD4-3B4D-4FFB-931A-E4F0D64C39F8}
		{B48D6BC0-52F0-43EE-AB71-1939AB2F74D8} = {A8469BD4-3B4D-4FFB-931A-E4F0D64C39F8}
		{7F2FFEE3-C0A0-4CDA-885D-78540A73F72D} = {A8469BD4-3B4D-4FFB-931A-E4F0D64C39F8}
		{34DAF9D8-DA81-4A44-BB02-1F7BB4D863D7} = {7F2FFEE3-C0A0-4CDA-885D-78540A73F72D}
		{CAEBF2F6-81DD-43B5-9231-28659A7862AF} = {FF472081-0169-49B8-8EAD-E591839AE8B2}
	EndGlobalSection
	GlobalSection(ExtensibilityGlobals) = postSolution
		SolutionGuid = {445D2FA0-6276-4E0F-8DEE-CCAD6471087E}
	EndGlobalSection
EndGlobal
